
Microsoft Visual Studio Solution File, Format Version 12.00
# Visual Studio Version 17
VisualStudioVersion = 17.13.35818.85 d17.13
MinimumVisualStudioVersion = 10.0.40219.1
Project("{FAE04EC0-301F-11D3-BF4B-00C04F79EFBC}") = "tb5payroll", "tb5payroll\tb5payroll.csproj", "{3120E049-D17C-4038-B98B-F1B7A7424209}"
EndProject
Global
	GlobalSection(SolutionConfigurationPlatforms) = preSolution
		Debug|Any CPU = Debug|Any CPU
		Release|Any CPU = Release|Any CPU
	EndGlobalSection
	GlobalSection(ProjectConfigurationPlatforms) = postSolution
		{3120E049-D17C-4038-B98B-F1B7A7424209}.Debug|Any CPU.ActiveCfg = Debug|Any CPU
		{3120E049-D17C-4038-B98B-F1B7A7424209}.Debug|Any CPU.Build.0 = Debug|Any CPU
		{3120E049-D17C-4038-B98B-F1B7A7424209}.Release|Any CPU.ActiveCfg = Release|Any CPU
		{3120E049-D17C-4038-B98B-F1B7A7424209}.Release|Any CPU.Build.0 = Release|Any CPU
	EndGlobalSection
	GlobalSection(SolutionProperties) = preSolution
		HideSolutionNode = FALSE
	EndGlobalSection
	GlobalSection(ExtensibilityGlobals) = postSolution
		SolutionGuid = {2634E1A5-D2FA-45D0-AA39-C4CA3010BEE9}
	EndGlobalSection
EndGlobal
